<?xml version="1.0" encoding="utf-8"?>
<Project ToolsVersion="4.0" xmlns="http://schemas.microsoft.com/developer/msbuild/2003">
  <ItemGroup>
    <ClCompile Include="osgPrimitives.cpp">
      <Filter>Source</Filter>
    </ClCompile>
    <ClCompile Include="stdafx.cpp">
      <Filter>Source</Filter>
    </ClCompile>
  </ItemGroup>
  <ItemGroup>
    <ClInclude Include="stdafx.h">
      <Filter>Headers</Filter>
    </ClInclude>
    <ClInclude Include="targetver.h">
      <Filter>Headers</Filter>
    </ClInclude>
    <ClInclude Include="PathEditor.h">
      <Filter>Headers</Filter>
    </ClInclude>
  </ItemGroup>
  <ItemGroup>
    <None Include="ReadMe.txt" />
  </ItemGroup>
  <ItemGroup>
    <Filter Include="Headers">
      <UniqueIdentifier>{2f3a9588-8629-47f5-824e-db2b9b15e26d}</UniqueIdentifier>
    </Filter>
    <Filter Include="Source">
      <UniqueIdentifier>{dbebc997-f3a8-46e4-b261-39d6e043e1e8}</UniqueIdentifier>
    </Filter>
  </ItemGroup>
</Project>